
Microsoft Visual Studio Solution File, Format Version 11.00
# Visual Studio 2010
Project("{FAE04EC0-301F-11D3-BF4B-00C04F79EFBC}") = "WellCompareDir.WPF", "WellCompareDir.WPF\WellCompareDir.WPF.csproj", "{ED788065-76FE-41AB-9135-79A85248879C}"
EndProject
Project("{FAE04EC0-301F-11D3-BF4B-00C04F79EFBC}") = "WellCompareDir.Comparer", "WellCompareDir.Comparer\WellCompareDir.Comparer.csproj", "{784E7A2F-8522-480A-A2FC-54559268F220}"
EndProject
Project("{2150E333-8FDC-42A3-9474-1A3956D46DE8}") = "Common", "Common", "{A1E2EEA8-83A8-459B-B2A6-2650B5D67F20}"
	ProjectSection(SolutionItems) = preProject
		CommonAssemblyInfo.cs = CommonAssemblyInfo.cs
		COPYING = COPYING
		joelpurra.com.url = joelpurra.com.url
		WellCompareDir by Joel Purra Homepage.url = WellCompareDir by Joel Purra Homepage.url
	EndProjectSection
EndProject
Project("{FAE04EC0-301F-11D3-BF4B-00C04F79EFBC}") = "WellCompareDir.Web", "WellCompareDir.Web\WellCompareDir.Web.csproj", "{4B6B3593-C25E-41D5-B84F-89579A48C8B7}"
EndProject
Project("{54435603-DBB4-11D2-8724-00A0C9A8B90C}") = "WellCompareDir.Installer", "WellCompareDir.Installer\WellCompareDir.Installer.vdproj", "{95B15A32-D85E-4C57-B2C7-DCC3BD1C4683}"
EndProject
Project("{FAE04EC0-301F-11D3-BF4B-00C04F79EFBC}") = "WellCompareDir.WPF.Library", "WellCompareDir.WPF.Library\WellCompareDir.WPF.Library.csproj", "{A3A15BFC-165B-4361-817E-790041AE9E52}"
EndProject
Global
	GlobalSection(SolutionConfigurationPlatforms) = preSolution
		Debug|Any CPU = Debug|Any CPU
		Debug|Mixed Platforms = Debug|Mixed Platforms
		Debug|x64 = Debug|x64
		Debug|x86 = Debug|x86
		Release|Any CPU = Release|Any CPU
		Release|Mixed Platforms = Release|Mixed Platforms
		Release|x64 = Release|x64
		Release|x86 = Release|x86
	EndGlobalSection
	GlobalSection(ProjectConfigurationPlatforms) = postSolution
		{ED788065-76FE-41AB-9135-79A85248879C}.Debug|Any CPU.ActiveCfg = Debug|Any CPU
		{ED788065-76FE-41AB-9135-79A85248879C}.Debug|Any CPU.Build.0 = Debug|Any CPU
		{ED788065-76FE-41AB-9135-79A85248879C}.Debug|Mixed Platforms.ActiveCfg = Debug|x86
		{ED788065-76FE-41AB-9135-79A85248879C}.Debug|Mixed Platforms.Build.0 = Debug|x86
		{ED788065-76FE-41AB-9135-79A85248879C}.Debug|x64.ActiveCfg = Debug|x64
		{ED788065-76FE-41AB-9135-79A85248879C}.Debug|x64.Build.0 = Debug|x64
		{ED788065-76FE-41AB-9135-79A85248879C}.Debug|x86.ActiveCfg = Debug|x86
		{ED788065-76FE-41AB-9135-79A85248879C}.Debug|x86.Build.0 = Debug|x86
		{ED788065-76FE-41AB-9135-79A85248879C}.Release|Any CPU.ActiveCfg = Release|Any CPU
		{ED788065-76FE-41AB-9135-79A85248879C}.Release|Any CPU.Build.0 = Release|Any CPU
		{ED788065-76FE-41AB-9135-79A85248879C}.Release|Mixed Platforms.ActiveCfg = Release|x86
		{ED788065-76FE-41AB-9135-79A85248879C}.Release|Mixed Platforms.Build.0 = Release|x86
		{ED788065-76FE-41AB-9135-79A85248879C}.Release|x64.ActiveCfg = Release|x64
		{ED788065-76FE-41AB-9135-79A85248879C}.Release|x64.Build.0 = Release|x64
		{ED788065-76FE-41AB-9135-79A85248879C}.Release|x86.ActiveCfg = Release|x86
		{ED788065-76FE-41AB-9135-79A85248879C}.Release|x86.Build.0 = Release|x86
		{784E7A2F-8522-480A-A2FC-54559268F220}.Debug|Any CPU.ActiveCfg = Debug|Any CPU
		{784E7A2F-8522-480A-A2FC-54559268F220}.Debug|Any CPU.Build.0 = Debug|Any CPU
		{784E7A2F-8522-480A-A2FC-54559268F220}.Debug|Mixed Platforms.ActiveCfg = Debug|Any CPU
		{784E7A2F-8522-480A-A2FC-54559268F220}.Debug|Mixed Platforms.Build.0 = Debug|Any CPU
		{784E7A2F-8522-480A-A2FC-54559268F220}.Debug|x64.ActiveCfg = Debug|Any CPU
		{784E7A2F-8522-480A-A2FC-54559268F220}.Debug|x86.ActiveCfg = Debug|Any CPU
		{784E7A2F-8522-480A-A2FC-54559268F220}.Release|Any CPU.ActiveCfg = Release|Any CPU
		{784E7A2F-8522-480A-A2FC-54559268F220}.Release|Any CPU.Build.0 = Release|Any CPU
		{784E7A2F-8522-480A-A2FC-54559268F220}.Release|Mixed Platforms.ActiveCfg = Release|Any CPU
		{784E7A2F-8522-480A-A2FC-54559268F220}.Release|Mixed Platforms.Build.0 = Release|Any CPU
		{784E7A2F-8522-480A-A2FC-54559268F220}.Release|x64.ActiveCfg = Release|Any CPU
		{784E7A2F-8522-480A-A2FC-54559268F220}.Release|x86.ActiveCfg = Release|Any CPU
		{4B6B3593-C25E-41D5-B84F-89579A48C8B7}.Debug|Any CPU.ActiveCfg = Debug|Any CPU
		{4B6B3593-C25E-41D5-B84F-89579A48C8B7}.Debug|Any CPU.Build.0 = Debug|Any CPU
		{4B6B3593-C25E-41D5-B84F-89579A48C8B7}.Debug|Mixed Platforms.ActiveCfg = Debug|Any CPU
		{4B6B3593-C25E-41D5-B84F-89579A48C8B7}.Debug|Mixed Platforms.Build.0 = Debug|Any CPU
		{4B6B3593-C25E-41D5-B84F-89579A48C8B7}.Debug|x64.ActiveCfg = Debug|Any CPU
		{4B6B3593-C25E-41D5-B84F-89579A48C8B7}.Debug|x86.ActiveCfg = Debug|Any CPU
		{4B6B3593-C25E-41D5-B84F-89579A48C8B7}.Release|Any CPU.ActiveCfg = Release|Any CPU
		{4B6B3593-C25E-41D5-B84F-89579A48C8B7}.Release|Any CPU.Build.0 = Release|Any CPU
		{4B6B3593-C25E-41D5-B84F-89579A48C8B7}.Release|Mixed Platforms.ActiveCfg = Release|Any CPU
		{4B6B3593-C25E-41D5-B84F-89579A48C8B7}.Release|Mixed Platforms.Build.0 = Release|Any CPU
		{4B6B3593-C25E-41D5-B84F-89579A48C8B7}.Release|x64.ActiveCfg = Release|Any CPU
		{4B6B3593-C25E-41D5-B84F-89579A48C8B7}.Release|x86.ActiveCfg = Release|Any CPU
		{95B15A32-D85E-4C57-B2C7-DCC3BD1C4683}.Debug|Any CPU.ActiveCfg = Debug
		{95B15A32-D85E-4C57-B2C7-DCC3BD1C4683}.Debug|Mixed Platforms.ActiveCfg = Debug
		{95B15A32-D85E-4C57-B2C7-DCC3BD1C4683}.Debug|x64.ActiveCfg = Debug
		{95B15A32-D85E-4C57-B2C7-DCC3BD1C4683}.Debug|x86.ActiveCfg = Debug
		{95B15A32-D85E-4C57-B2C7-DCC3BD1C4683}.Release|Any CPU.ActiveCfg = Release
		{95B15A32-D85E-4C57-B2C7-DCC3BD1C4683}.Release|Any CPU.Build.0 = Release
		{95B15A32-D85E-4C57-B2C7-DCC3BD1C4683}.Release|Mixed Platforms.ActiveCfg = Release
		{95B15A32-D85E-4C57-B2C7-DCC3BD1C4683}.Release|x64.ActiveCfg = Release
		{95B15A32-D85E-4C57-B2C7-DCC3BD1C4683}.Release|x86.ActiveCfg = Release
		{A3A15BFC-165B-4361-817E-790041AE9E52}.Debug|Any CPU.ActiveCfg = Debug|Any CPU
		{A3A15BFC-165B-4361-817E-790041AE9E52}.Debug|Any CPU.Build.0 = Debug|Any CPU
		{A3A15BFC-165B-4361-817E-790041AE9E52}.Debug|Mixed Platforms.ActiveCfg = Debug|Any CPU
		{A3A15BFC-165B-4361-817E-790041AE9E52}.Debug|Mixed Platforms.Build.0 = Debug|Any CPU
		{A3A15BFC-165B-4361-817E-790041AE9E52}.Debug|x64.ActiveCfg = Debug|Any CPU
		{A3A15BFC-165B-4361-817E-790041AE9E52}.Debug|x86.ActiveCfg = Debug|Any CPU
		{A3A15BFC-165B-4361-817E-790041AE9E52}.Release|Any CPU.ActiveCfg = Release|Any CPU
		{A3A15BFC-165B-4361-817E-790041AE9E52}.Release|Any CPU.Build.0 = Release|Any CPU
		{A3A15BFC-165B-4361-817E-790041AE9E52}.Release|Mixed Platforms.ActiveCfg = Release|Any CPU
		{A3A15BFC-165B-4361-817E-790041AE9E52}.Release|Mixed Platforms.Build.0 = Release|Any CPU
		{A3A15BFC-165B-4361-817E-790041AE9E52}.Release|x64.ActiveCfg = Release|Any CPU
		{A3A15BFC-165B-4361-817E-790041AE9E52}.Release|x86.ActiveCfg = Release|Any CPU
	EndGlobalSection
	GlobalSection(SolutionProperties) = preSolution
		HideSolutionNode = FALSE
	EndGlobalSection
EndGlobal
